<?xml version="1.0" encoding="utf-8"?>
<Project ToolsVersion="4.0" xmlns="http://schemas.microsoft.com/developer/msbuild/2003">
  <ItemGroup>
    <Filter Include="源文件">
      <UniqueIdentifier>{4FC737F1-C7A5-4376-A066-2A32D752A2FF}</UniqueIdentifier>
      <Extensions>cpp;c;cc;cxx;c++;cppm;ixx;def;odl;idl;hpj;bat;asm;asmx</Extensions>
    </Filter>
    <Filter Include="头文件">
      <UniqueIdentifier>{93995380-89BD-4b04-88EB-625FBE52EBFB}</UniqueIdentifier>
      <Extensions>h;hh;hpp;hxx;h++;hm;inl;inc;ipp;xsd</Extensions>
    </Filter>
    <Filter Include="资源文件">
      <UniqueIdentifier>{67DA6AB6-F800-4c08-8B7A-83BB121AAD01}</UniqueIdentifier>
      <Extensions>rc;ico;cur;bmp;dlg;rc2;rct;bin;rgs;gif;jpg;jpeg;jpe;resx;tiff;tif;png;wav;mfcribbon-ms</Extensions>
    </Filter>
  </ItemGroup>
  <ItemGroup>
    <ClInclude Include="MFCApplication_20240607_cppTeamWork.h">
      <Filter>头文件</Filter>
    </ClInclude>
    <ClInclude Include="framework.h">
      <Filter>头文件</Filter>
    </ClInclude>
    <ClInclude Include="targetver.h">
      <Filter>头文件</Filter>
    </ClInclude>
    <ClInclude Include="MainFrm.h">
      <Filter>头文件</Filter>
    </ClInclude>
    <ClInclude Include="ChildFrm.h">
      <Filter>头文件</Filter>
    </ClInclude>
    <ClInclude Include="MFCApplication_20240607_cppTeamWorkDoc.h">
      <Filter>头文件</Filter>
    </ClInclude>
    <ClInclude Include="MFCApplication_20240607_cppTeamWorkView.h">
      <Filter>头文件</Filter>
    </ClInclude>
    <ClInclude Include="Resource.h">
      <Filter>头文件</Filter>
    </ClInclude>
    <ClInclude Include="FileReadDlg.h">
      <Filter>头文件</Filter>
    </ClInclude>
    <ClInclude Include="AddPointDlg.h">
      <Filter>头文件</Filter>
    </ClInclude>
    <ClInclude Include="InsertSortDlg.h">
      <Filter>头文件</Filter>
    </ClInclude>
    <ClInclude Include="ShellSortzDig.h">
      <Filter>头文件</Filter>
    </ClInclude>
    <ClInclude Include="BinInsertSortzDig.h">
      <Filter>头文件</Filter>
    </ClInclude>
    <ClInclude Include="SelectSortDlg.h">
      <Filter>头文件</Filter>
    </ClInclude>
    <ClInclude Include="heapSortDlg.h">
      <Filter>头文件</Filter>
    </ClInclude>
    <ClInclude Include="bubbleSortDlg.h">
      <Filter>头文件</Filter>
    </ClInclude>
    <ClInclude Include="quickSortDlg.h">
      <Filter>头文件</Filter>
    </ClInclude>
    <ClInclude Include="mergeSortDig.h">
      <Filter>头文件</Filter>
    </ClInclude>
    <ClInclude Include="radixSortDlg.h">
      <Filter>头文件</Filter>
    </ClInclude>
    <ClInclude Include="deldlg.h">
      <Filter>头文件</Filter>
    </ClInclude>
    <ClInclude Include="chaDlg.h">
      <Filter>头文件</Filter>
    </ClInclude>
    <ClInclude Include="FindPointByName.h">
      <Filter>头文件</Filter>
    </ClInclude>
    <ClInclude Include="FindPointByNumDlg.h">
      <Filter>头文件</Filter>
    </ClInclude>
    <ClInclude Include="PointCalculateForTwoDlg.h">
      <Filter>头文件</Filter>
    </ClInclude>
    <ClInclude Include="PointCalculateForThreeDlg.h">
      <Filter>头文件</Filter>
    </ClInclude>
    <ClInclude Include="UserSetRGBDlg.h">
      <Filter>头文件</Filter>
    </ClInclude>
    <ClInclude Include="SignInDlg.h">
      <Filter>头文件</Filter>
    </ClInclude>
    <ClInclude Include="BuyAccountDlg.h">
      <Filter>头文件</Filter>
    </ClInclude>
    <ClInclude Include="BuyVIPDlg.h">
      <Filter>头文件</Filter>
    </ClInclude>
    <ClInclude Include="CTeamWorkDialog.h">
      <Filter>头文件</Filter>
    </ClInclude>
    <ClInclude Include="MultiKeywordSortDlg.h">
      <Filter>头文件</Filter>
    </ClInclude>
    <ClInclude Include="IsRememberPasswordDlg.h">
      <Filter>头文件</Filter>
    </ClInclude>
    <ClInclude Include="IsRememberVIPKeyDlg.h">
      <Filter>头文件</Filter>
    </ClInclude>
    <ClInclude Include="UseMySQLDlg.h">
      <Filter>头文件</Filter>
    </ClInclude>
    <ClInclude Include="MySQLInterface.h">
      <Filter>头文件</Filter>
    </ClInclude>
    <ClInclude Include="AddPointToMySQLDlg.h">
      <Filter>头文件</Filter>
    </ClInclude>
    <ClInclude Include="UpdatePointToMySQLDlg.h">
      <Filter>头文件</Filter>
    </ClInclude>
    <ClInclude Include="FindPointInMySQLDlg.h">
      <Filter>头文件</Filter>
    </ClInclude>
    <ClInclude Include="PointArrAnalyzeDlg.h">
      <Filter>头文件</Filter>
    </ClInclude>
    <ClInclude Include="IsConfirmOverwriteDlg.h">
      <Filter>头文件</Filter>
    </ClInclude>
    <ClInclude Include="IsOverwriteFromMySQLToCsvDlg.h">
      <Filter>头文件</Filter>
    </ClInclude>
  </ItemGroup>
  <ItemGroup>
    <ClCompile Include="MFCApplication_20240607_cppTeamWork.cpp">
      <Filter>源文件</Filter>
    </ClCompile>
    <ClCompile Include="MainFrm.cpp">
      <Filter>源文件</Filter>
    </ClCompile>
    <ClCompile Include="ChildFrm.cpp">
      <Filter>源文件</Filter>
    </ClCompile>
    <ClCompile Include="MFCApplication_20240607_cppTeamWorkDoc.cpp">
      <Filter>源文件</Filter>
    </ClCompile>
    <ClCompile Include="MFCApplication_20240607_cppTeamWorkView.cpp">
      <Filter>源文件</Filter>
    </ClCompile>
    <ClCompile Include="pch.cpp">
      <Filter>源文件</Filter>
    </ClCompile>
    <ClCompile Include="FileReadDlg.cpp">
      <Filter>源文件</Filter>
    </ClCompile>
    <ClCompile Include="AddPointDlg.cpp">
      <Filter>源文件</Filter>
    </ClCompile>
    <ClCompile Include="InsertSortDlg.cpp">
      <Filter>源文件</Filter>
    </ClCompile>
    <ClCompile Include="ShellSortzDig.cpp">
      <Filter>源文件</Filter>
    </ClCompile>
    <ClCompile Include="BinInsertSortzDig.cpp">
      <Filter>源文件</Filter>
    </ClCompile>
    <ClCompile Include="SelectSortDlg.cpp">
      <Filter>源文件</Filter>
    </ClCompile>
    <ClCompile Include="heapSortDlg.cpp">
      <Filter>源文件</Filter>
    </ClCompile>
    <ClCompile Include="bubbleSortDlg.cpp">
      <Filter>源文件</Filter>
    </ClCompile>
    <ClCompile Include="quickSortDlg.cpp">
      <Filter>源文件</Filter>
    </ClCompile>
    <ClCompile Include="mergeSortDig.cpp">
      <Filter>源文件</Filter>
    </ClCompile>
    <ClCompile Include="radixSortDlg.cpp">
      <Filter>源文件</Filter>
    </ClCompile>
    <ClCompile Include="deldlg.cpp">
      <Filter>源文件</Filter>
    </ClCompile>
    <ClCompile Include="chaDlg.cpp">
      <Filter>源文件</Filter>
    </ClCompile>
    <ClCompile Include="FindPointByName.cpp">
      <Filter>源文件</Filter>
    </ClCompile>
    <ClCompile Include="FindPointByNumDlg.cpp">
      <Filter>源文件</Filter>
    </ClCompile>
    <ClCompile Include="PointCalculateForTwoDlg.cpp">
      <Filter>源文件</Filter>
    </ClCompile>
    <ClCompile Include="PointCalculateForThreeDlg.cpp">
      <Filter>源文件</Filter>
    </ClCompile>
    <ClCompile Include="UserSetRGBDlg.cpp">
      <Filter>源文件</Filter>
    </ClCompile>
    <ClCompile Include="SignInDlg.cpp">
      <Filter>源文件</Filter>
    </ClCompile>
    <ClCompile Include="BuyAccountDlg.cpp">
      <Filter>源文件</Filter>
    </ClCompile>
    <ClCompile Include="BuyVIPDlg.cpp">
      <Filter>源文件</Filter>
    </ClCompile>
    <ClCompile Include="CTeamWorkDialog.cpp">
      <Filter>源文件</Filter>
    </ClCompile>
    <ClCompile Include="MultiKeywordSortDlg.cpp">
      <Filter>源文件</Filter>
    </ClCompile>
    <ClCompile Include="IsRememberPasswordDlg.cpp">
      <Filter>源文件</Filter>
    </ClCompile>
    <ClCompile Include="IsRememberVIPKeyDlg.cpp">
      <Filter>源文件</Filter>
    </ClCompile>
    <ClCompile Include="UseMySQLDlg.cpp">
      <Filter>源文件</Filter>
    </ClCompile>
    <ClCompile Include="MySQLInterface.cpp">
      <Filter>源文件</Filter>
    </ClCompile>
    <ClCompile Include="AddPointToMySQLDlg.cpp">
      <Filter>源文件</Filter>
    </ClCompile>
    <ClCompile Include="UpdatePointToMySQLDlg.cpp">
      <Filter>源文件</Filter>
    </ClCompile>
    <ClCompile Include="FindPointInMySQLDlg.cpp">
      <Filter>源文件</Filter>
    </ClCompile>
    <ClCompile Include="PointArrAnalyzeDlg.cpp">
      <Filter>源文件</Filter>
    </ClCompile>
    <ClCompile Include="IsConfirmOverwriteDlg.cpp">
      <Filter>源文件</Filter>
    </ClCompile>
    <ClCompile Include="IsOverwriteFromMySQLToCsvDlg.cpp">
      <Filter>源文件</Filter>
    </ClCompile>
  </ItemGroup>
  <ItemGroup>
    <ResourceCompile Include="MFCApplication20240607cppTeamWork.rc">
      <Filter>资源文件</Filter>
    </ResourceCompile>
  </ItemGroup>
  <ItemGroup>
    <None Include="res\MFCApplication20240607cppTeamWork.rc2">
      <Filter>资源文件</Filter>
    </None>
    <None Include="cpp.hint" />
  </ItemGroup>
  <ItemGroup>
    <Image Include="res\MFCApplication_20240607_cppTeamWorkDoc.ico">
      <Filter>资源文件</Filter>
    </Image>
    <Image Include="res\MFCApplication_20240607_cppTeamWork.ico">
      <Filter>资源文件</Filter>
    </Image>
    <Image Include="res\Toolbar.bmp">
      <Filter>资源文件</Filter>
    </Image>
  </ItemGroup>
</Project>